{
  "version": 4,
  "terraform_version": "1.2.4",
  "serial": 68,
  "lineage": "70cbeab3-03dd-82be-0b76-aa9d8555d267",
  "outputs": {},
  "resources": [
    {
      "mode": "data",
      "type": "google_compute_image",
      "name": "debian_9",
      "provider": "provider[\"registry.terraform.io/hashicorp/google-beta\"]",
      "instances": [
        {
          "schema_version": 0,
          "attributes": {
            "archive_size_bytes": 2693727552,
            "creation_timestamp": "2022-06-21T14:13:45.787-07:00",
            "description": "Debian, Debian GNU/Linux, 9 (stretch), amd64 built on 20220621",
            "disk_size_gb": 10,
            "family": "debian-9",
            "filter": null,
            "id": "projects/debian-cloud/global/images/debian-9-stretch-v20220621",
            "image_encryption_key_sha256": "",
            "image_id": "7619786046600874598",
            "label_fingerprint": "42WmSpB8rSM=",
            "labels": {},
            "licenses": [
              "https://www.googleapis.com/compute/beta/projects/debian-cloud/global/licenses/debian-9-stretch"
            ],
            "name": "debian-9-stretch-v20220621",
            "project": "debian-cloud",
            "self_link": "https://www.googleapis.com/compute/beta/projects/debian-cloud/global/images/debian-9-stretch-v20220621",
            "source_disk": "",
            "source_disk_encryption_key_sha256": "",
            "source_disk_id": "",
            "source_image_id": "",
            "status": "READY"
          },
          "sensitive_attributes": []
        }
      ]
    },
    {
      "mode": "managed",
      "type": "google_compute_firewall",
      "name": "firewall",
      "provider": "provider[\"registry.terraform.io/hashicorp/google\"]",
      "instances": [
        {
          "schema_version": 1,
          "attributes": {
            "allow": [
              {
                "ports": [
                  "22",
                  "443",
                  "8200",
                  "1000-4000",
                  "8800"
                ],
                "protocol": "tcp"
              },
              {
                "ports": [],
                "protocol": "icmp"
              }
            ],
            "creation_timestamp": "2022-07-21T08:39:19.796-07:00",
            "deny": [],
            "description": "",
            "destination_ranges": [],
            "direction": "INGRESS",
            "disabled": false,
            "enable_logging": false,
            "id": "projects/terraform-355617/global/firewalls/prod-firewall",
            "name": "prod-firewall",
            "network": "https://www.googleapis.com/compute/v1/projects/terraform-355617/global/networks/prod-vpc",
            "priority": 1000,
            "project": "terraform-355617",
            "self_link": "https://www.googleapis.com/compute/v1/projects/terraform-355617/global/firewalls/prod-firewall",
            "source_ranges": [
              "0.0.0.0/0"
            ],
            "source_service_accounts": [],
            "source_tags": [
              "web"
            ],
            "target_service_accounts": [],
            "target_tags": [],
            "timeouts": null
          },
          "sensitive_attributes": [],
          "private": "eyJlMmJmYjczMC1lY2FhLTExZTYtOGY4OC0zNDM2M2JjN2M0YzAiOnsiY3JlYXRlIjoyNDAwMDAwMDAwMDAsImRlbGV0ZSI6MjQwMDAwMDAwMDAwLCJ1cGRhdGUiOjI0MDAwMDAwMDAwMH0sInNjaGVtYV92ZXJzaW9uIjoiMSJ9",
          "dependencies": [
            "google_compute_network.vpc"
          ]
        }
      ]
    },
    {
      "mode": "managed",
      "type": "google_compute_instance_template",
      "name": "default",
      "provider": "provider[\"registry.terraform.io/hashicorp/google-beta\"]",
      "instances": []
    },
    {
      "mode": "managed",
      "type": "google_compute_network",
      "name": "vpc",
      "provider": "provider[\"registry.terraform.io/hashicorp/google\"]",
      "instances": [
        {
          "schema_version": 0,
          "attributes": {
            "auto_create_subnetworks": false,
            "delete_default_routes_on_create": false,
            "description": "",
            "gateway_ipv4": "",
            "id": "projects/terraform-355617/global/networks/prod-vpc",
            "ipv4_range": null,
            "name": "prod-vpc",
            "project": "terraform-355617",
            "routing_mode": "REGIONAL",
            "self_link": "https://www.googleapis.com/compute/v1/projects/terraform-355617/global/networks/prod-vpc",
            "timeouts": null
          },
          "sensitive_attributes": [],
          "private": "eyJlMmJmYjczMC1lY2FhLTExZTYtOGY4OC0zNDM2M2JjN2M0YzAiOnsiY3JlYXRlIjoyNDAwMDAwMDAwMDAsImRlbGV0ZSI6MjQwMDAwMDAwMDAwLCJ1cGRhdGUiOjI0MDAwMDAwMDAwMH19"
        }
      ]
    },
    {
      "mode": "managed",
      "type": "google_compute_node_template",
      "name": "soletenant-tmpl",
      "provider": "provider[\"registry.terraform.io/hashicorp/google\"]",
      "instances": [
        {
          "schema_version": 0,
          "attributes": {
            "creation_timestamp": "2022-07-21T08:39:02.548-07:00",
            "description": "",
            "id": "projects/terraform-355617/regions/us-central1/nodeTemplates/soletenant-tmpl",
            "name": "soletenant-tmpl",
            "node_affinity_labels": {
              "foo": "baz"
            },
            "node_type": "n1-node-96-624",
            "node_type_flexibility": [],
            "project": "terraform-355617",
            "region": "us-central1",
            "self_link": "https://www.googleapis.com/compute/v1/projects/terraform-355617/regions/us-central1/nodeTemplates/soletenant-tmpl",
            "timeouts": null
          },
          "sensitive_attributes": [],
          "private": "eyJlMmJmYjczMC1lY2FhLTExZTYtOGY4OC0zNDM2M2JjN2M0YzAiOnsiY3JlYXRlIjoyNDAwMDAwMDAwMDAsImRlbGV0ZSI6MjQwMDAwMDAwMDAwfX0="
        }
      ]
    },
    {
      "mode": "managed",
      "type": "google_compute_subnetwork",
      "name": "subnet",
      "provider": "provider[\"registry.terraform.io/hashicorp/google\"]",
      "instances": [
        {
          "schema_version": 0,
          "attributes": {
            "creation_timestamp": "2022-07-21T08:39:20.448-07:00",
            "description": "",
            "enable_flow_logs": null,
            "fingerprint": null,
            "gateway_address": "10.10.0.1",
            "id": "projects/terraform-355617/regions/us-central1/subnetworks/prod-subnet",
            "ip_cidr_range": "10.10.0.0/24",
            "log_config": [],
            "name": "prod-subnet",
            "network": "https://www.googleapis.com/compute/v1/projects/terraform-355617/global/networks/prod-vpc",
            "private_ip_google_access": false,
            "project": "terraform-355617",
            "region": "us-central1",
            "secondary_ip_range": [],
            "self_link": "https://www.googleapis.com/compute/v1/projects/terraform-355617/regions/us-central1/subnetworks/prod-subnet",
            "timeouts": null
          },
          "sensitive_attributes": [],
          "private": "eyJlMmJmYjczMC1lY2FhLTExZTYtOGY4OC0zNDM2M2JjN2M0YzAiOnsiY3JlYXRlIjozNjAwMDAwMDAwMDAsImRlbGV0ZSI6MzYwMDAwMDAwMDAwLCJ1cGRhdGUiOjM2MDAwMDAwMDAwMH19",
          "dependencies": [
            "google_compute_network.vpc"
          ]
        }
      ]
    },
    {
      "mode": "managed",
      "type": "google_storage_bucket",
      "name": "default",
      "provider": "provider[\"registry.terraform.io/hashicorp/google\"]",
      "instances": [
        {
          "schema_version": 0,
          "attributes": {
            "bucket_policy_only": false,
            "cors": [],
            "encryption": [],
            "force_destroy": false,
            "id": "bucket-tfstate-name",
            "labels": {},
            "lifecycle_rule": [],
            "location": "US-CENTRAL1",
            "logging": [],
            "name": "bucket-tfstate-name",
            "project": "terraform-355617",
            "requester_pays": false,
            "retention_policy": [],
            "self_link": "https://www.googleapis.com/storage/v1/b/bucket-tfstate-name",
            "storage_class": "STANDARD",
            "url": "gs://bucket-tfstate-name",
            "versioning": [
              {
                "enabled": true
              }
            ],
            "website": []
          },
          "sensitive_attributes": [],
          "private": "bnVsbA=="
        }
      ]
    }
  ]
}
